
Microsoft Visual Studio Solution File, Format Version 12.00
# Visual Studio 15
VisualStudioVersion = 15.0.27703.2042
MinimumVisualStudioVersion = 10.0.40219.1
Project("{FAE04EC0-301F-11D3-BF4B-00C04F79EFBC}") = "NFLRoster", "NFLRoster\NFLRoster.csproj", "{59D2A792-C4AB-4124-A222-1662812ED15F}"
EndProject
Global
	GlobalSection(SolutionConfigurationPlatforms) = preSolution
		Debug|Any CPU = Debug|Any CPU
		Release|Any CPU = Release|Any CPU
	EndGlobalSection
	GlobalSection(ProjectConfigurationPlatforms) = postSolution
		{59D2A792-C4AB-4124-A222-1662812ED15F}.Debug|Any CPU.ActiveCfg = Debug|Any CPU
		{59D2A792-C4AB-4124-A222-1662812ED15F}.Debug|Any CPU.Build.0 = Debug|Any CPU
		{59D2A792-C4AB-4124-A222-1662812ED15F}.Release|Any CPU.ActiveCfg = Release|Any CPU
		{59D2A792-C4AB-4124-A222-1662812ED15F}.Release|Any CPU.Build.0 = Release|Any CPU
	EndGlobalSection
	GlobalSection(SolutionProperties) = preSolution
		HideSolutionNode = FALSE
	EndGlobalSection
	GlobalSection(ExtensibilityGlobals) = postSolution
		SolutionGuid = {4F82AD76-1B28-4BD5-B608-DC9C36884D23}
	EndGlobalSection
EndGlobal
